{
  "name": "ccp-pdf-maker",
  "lockfileVersion": 2,
  "requires": true,
  "packages": {
    "": {
      "dependencies": {
        "html-to-pdfmake": "^2.3.4"
      }
    },
    "node_modules/html-to-pdfmake": {
      "version": "2.3.4",
      "resolved": "https://registry.npmjs.org/html-to-pdfmake/-/html-to-pdfmake-2.3.4.tgz",
      "integrity": "sha512-bE59avuJN+evzyuCBel2awZtdX2en+qNnEBUtv8+150r4RAmiv5o4zvtbRh+w3aE8g7pYbpk8mYb00TQ6qf9xw=="
    }
  },
  "dependencies": {
    "html-to-pdfmake": {
      "version": "2.3.4",
      "resolved": "https://registry.npmjs.org/html-to-pdfmake/-/html-to-pdfmake-2.3.4.tgz",
      "integrity": "sha512-bE59avuJN+evzyuCBel2awZtdX2en+qNnEBUtv8+150r4RAmiv5o4zvtbRh+w3aE8g7pYbpk8mYb00TQ6qf9xw=="
    }
  }
}
